Microsoft Visual Studio Solution File, Format Version 12.00
# Visual Studio Version 17
VisualStudioVersion = 17.5.2.0
MinimumVisualStudioVersion = 10.0.40219.1
Project("{2150E333-8FDC-42A3-9474-1A3956D46DE8}") = "src", "src", "{827E0CD3-B72D-47B6-A68D-7590B98EB39B}"
EndProject
Project("{2150E333-8FDC-42A3-9474-1A3956D46DE8}") = "test", "test", "{0C88DD14-F956-CE84-757C-A364CCF449FC}"
EndProject
Project("{FAE04EC0-301F-11D3-BF4B-00C04F79EFBC}") = "TicTacToe.Web", "\workspaces\github-copilot-poc\02 deepdive\src\TicTacToe.Web\TicTacToe.Web.csproj", "{15D21E90-5847-86B6-BC89-B8349940037E}"
EndProject
Project("{FAE04EC0-301F-11D3-BF4B-00C04F79EFBC}") = "TicTacToe.Tests", "\workspaces\github-copilot-poc\02 deepdive\test\TicTacToe.Tests\TicTacToe.Tests.csproj", "{FA715623-5F84-79E5-2548-62E01BC0FF55}"
EndProject
Global
	GlobalSection(SolutionConfigurationPlatforms) = preSolution
		Debug|Any CPU = Debug|Any CPU
		Release|Any CPU = Release|Any CPU
	EndGlobalSection
	GlobalSection(ProjectConfigurationPlatforms) = postSolution
		{15D21E90-5847-86B6-BC89-B8349940037E}.Debug|Any CPU.ActiveCfg = Debug|Any CPU
		{15D21E90-5847-86B6-BC89-B8349940037E}.Debug|Any CPU.Build.0 = Debug|Any CPU
		{15D21E90-5847-86B6-BC89-B8349940037E}.Release|Any CPU.ActiveCfg = Release|Any CPU
		{15D21E90-5847-86B6-BC89-B8349940037E}.Release|Any CPU.Build.0 = Release|Any CPU
		{FA715623-5F84-79E5-2548-62E01BC0FF55}.Debug|Any CPU.ActiveCfg = Debug|Any CPU
		{FA715623-5F84-79E5-2548-62E01BC0FF55}.Debug|Any CPU.Build.0 = Debug|Any CPU
		{FA715623-5F84-79E5-2548-62E01BC0FF55}.Release|Any CPU.ActiveCfg = Release|Any CPU
		{FA715623-5F84-79E5-2548-62E01BC0FF55}.Release|Any CPU.Build.0 = Release|Any CPU
	EndGlobalSection
	GlobalSection(SolutionProperties) = preSolution
		HideSolutionNode = FALSE
	EndGlobalSection
	GlobalSection(NestedProjects) = preSolution
		{15D21E90-5847-86B6-BC89-B8349940037E} = {827E0CD3-B72D-47B6-A68D-7590B98EB39B}
		{FA715623-5F84-79E5-2548-62E01BC0FF55} = {0C88DD14-F956-CE84-757C-A364CCF449FC}
	EndGlobalSection
	GlobalSection(ExtensibilityGlobals) = postSolution
		SolutionGuid = {7A7274B9-B15B-4AE0-AE61-EA16D22BE9F5}
	EndGlobalSection
EndGlobal
